
Microsoft Visual Studio Solution File, Format Version 12.00
# Visual Studio Version 17
VisualStudioVersion = 17.12.35527.113
MinimumVisualStudioVersion = 10.0.40219.1
Project("{2150E333-8FDC-42A3-9474-1A3956D46DE8}") = "modules", "modules", "{9EEFD611-3B01-436B-AB97-89AC7CA63B9A}"
EndProject
Project("{2150E333-8FDC-42A3-9474-1A3956D46DE8}") = "Folha", "Folha", "{8E6E98ED-69DC-494A-B82F-B359E8E9AA52}"
EndProject
Project("{FAE04EC0-301F-11D3-BF4B-00C04F79EFBC}") = "Nexus.Folha.Domain", "modules\Nexus.Folha\src\Nexus.Folha.Domain\Nexus.Folha.Domain.csproj", "{EA715EA2-84AC-4FDB-AF3F-833007370503}"
EndProject
Project("{FAE04EC0-301F-11D3-BF4B-00C04F79EFBC}") = "Nexus.Folha.Api", "modules\Nexus.Folha\src\Nexus.Folha.Api\Nexus.Folha.Api.csproj", "{DDD48355-8C9C-4886-B064-3D5570EE2C87}"
EndProject
Project("{FAE04EC0-301F-11D3-BF4B-00C04F79EFBC}") = "Nexus.Folha.Infra", "modules\Nexus.Folha\src\Nexus.Folha.Infra\Nexus.Folha.Infra.csproj", "{691AEFC2-C588-4904-B68B-4EC484737195}"
EndProject
Project("{2150E333-8FDC-42A3-9474-1A3956D46DE8}") = "core", "core", "{26F81B54-7178-411E-B6AC-0619733B0A9E}"
EndProject
Project("{FAE04EC0-301F-11D3-BF4B-00C04F79EFBC}") = "Nexus.Core.Infra", "core\Nexus.Core.Infra\Nexus.Core.Infra.csproj", "{BB0D1399-6934-4DBC-9B1C-83C81F98E7E1}"
EndProject
Project("{FAE04EC0-301F-11D3-BF4B-00C04F79EFBC}") = "Nexus.Folha.Application", "modules\Nexus.Folha\src\Nexus.Folha.Application\Nexus.Folha.Application.csproj", "{9A751AD8-C477-4771-B0D7-847F02EB87CB}"
EndProject
Project("{2150E333-8FDC-42A3-9474-1A3956D46DE8}") = "Tarefas", "Tarefas", "{0B6F8797-332A-4243-B9A1-C50DD974F82F}"
EndProject
Project("{FAE04EC0-301F-11D3-BF4B-00C04F79EFBC}") = "Nexus.Tarefas.Domain", "modules\Nexus.Tarefas\src\Nexus.Tarefas.Domain\Nexus.Tarefas.Domain.csproj", "{B7956B9C-1547-44AD-9359-D3A78E6F0450}"
EndProject
Project("{FAE04EC0-301F-11D3-BF4B-00C04F79EFBC}") = "Nexus.Tarefas.Infra", "modules\Nexus.Tarefas\src\Nexus.Tarefas.Infra\Nexus.Tarefas.Infra.csproj", "{9F7644C3-ECAB-432B-930F-AB80BDDFB697}"
EndProject
Project("{FAE04EC0-301F-11D3-BF4B-00C04F79EFBC}") = "Nexus.Tarefas.Application", "modules\Nexus.Tarefas\src\Nexus.Tarefas.Application\Nexus.Tarefas.Application.csproj", "{A4425BA3-BE95-4EA0-B686-E743F9B7A187}"
EndProject
Project("{FAE04EC0-301F-11D3-BF4B-00C04F79EFBC}") = "Nexus.Core.Api", "core\Nexus.Core.Api\Nexus.Core.Api.csproj", "{72746843-A77B-44A2-8B8A-C3E07F5F0D22}"
EndProject
Project("{FAE04EC0-301F-11D3-BF4B-00C04F79EFBC}") = "Nexus.Tarefas.Api", "modules\Nexus.Tarefas\src\Nexus.Tarefas.Api\Nexus.Tarefas.Api.csproj", "{A4D7D077-18E5-408A-9D38-231205E682A1}"
EndProject
Project("{2150E333-8FDC-42A3-9474-1A3956D46DE8}") = "Auth", "Auth", "{0C669182-3E77-4893-A40F-F85B22F9F0AF}"
EndProject
Project("{FAE04EC0-301F-11D3-BF4B-00C04F79EFBC}") = "Nexus.Auth", "modules\Nexus.Auth\src\Nexus.Auth\Nexus.Auth.csproj", "{DBB87C46-E4CA-4FA9-9986-4E65849A282B}"
EndProject
Project("{FAE04EC0-301F-11D3-BF4B-00C04F79EFBC}") = "Nexus.Core.Domain", "core\Nexus.Core.Domain\Nexus.Core.Domain.csproj", "{7C992956-ABBA-4287-BAE0-B87D17EE4CF3}"
EndProject
Project("{2150E333-8FDC-42A3-9474-1A3956D46DE8}") = "Cadastro", "Cadastro", "{C323FBCC-D647-4D3D-F3F9-6F8FD0917B42}"
EndProject
Project("{FAE04EC0-301F-11D3-BF4B-00C04F79EFBC}") = "Nexus.Cadastro.Api", "modules\Nexus.Cadastro\src\Nexus.Cadastro.Api\Nexus.Cadastro.Api.csproj", "{2B468BD6-C9D3-4FD7-9412-B1F428FDC01C}"
EndProject
Project("{FAE04EC0-301F-11D3-BF4B-00C04F79EFBC}") = "Nexus.Cadastro.Application", "modules\Nexus.Cadastro\src\Nexus.Cadastro.Application\Nexus.Cadastro.Application.csproj", "{9EF53848-880D-4A19-B6F7-D561871A4B15}"
EndProject
Project("{FAE04EC0-301F-11D3-BF4B-00C04F79EFBC}") = "Nexus.Cadastro.Domain", "modules\Nexus.Cadastro\src\Nexus.Cadastro.Domain\Nexus.Cadastro.Domain.csproj", "{5D556AC7-A781-4A38-86EA-ED75B5B9D2E5}"
EndProject
Project("{FAE04EC0-301F-11D3-BF4B-00C04F79EFBC}") = "Nexus.Cadastro.Infra", "modules\Nexus.Cadastro\src\Nexus.Cadastro.Infra\Nexus.Cadastro.Infra.csproj", "{2CF82924-670A-4746-8C85-1CD2153110FB}"
EndProject
Global
	GlobalSection(SolutionConfigurationPlatforms) = preSolution
		Debug|Any CPU = Debug|Any CPU
		Release|Any CPU = Release|Any CPU
	EndGlobalSection
	GlobalSection(ProjectConfigurationPlatforms) = postSolution
		{EA715EA2-84AC-4FDB-AF3F-833007370503}.Debug|Any CPU.ActiveCfg = Debug|Any CPU
		{EA715EA2-84AC-4FDB-AF3F-833007370503}.Debug|Any CPU.Build.0 = Debug|Any CPU
		{EA715EA2-84AC-4FDB-AF3F-833007370503}.Release|Any CPU.ActiveCfg = Release|Any CPU
		{EA715EA2-84AC-4FDB-AF3F-833007370503}.Release|Any CPU.Build.0 = Release|Any CPU
		{DDD48355-8C9C-4886-B064-3D5570EE2C87}.Debug|Any CPU.ActiveCfg = Debug|Any CPU
		{DDD48355-8C9C-4886-B064-3D5570EE2C87}.Debug|Any CPU.Build.0 = Debug|Any CPU
		{DDD48355-8C9C-4886-B064-3D5570EE2C87}.Release|Any CPU.ActiveCfg = Release|Any CPU
		{DDD48355-8C9C-4886-B064-3D5570EE2C87}.Release|Any CPU.Build.0 = Release|Any CPU
		{691AEFC2-C588-4904-B68B-4EC484737195}.Debug|Any CPU.ActiveCfg = Debug|Any CPU
		{691AEFC2-C588-4904-B68B-4EC484737195}.Debug|Any CPU.Build.0 = Debug|Any CPU
		{691AEFC2-C588-4904-B68B-4EC484737195}.Release|Any CPU.ActiveCfg = Release|Any CPU
		{691AEFC2-C588-4904-B68B-4EC484737195}.Release|Any CPU.Build.0 = Release|Any CPU
		{BB0D1399-6934-4DBC-9B1C-83C81F98E7E1}.Debug|Any CPU.ActiveCfg = Debug|Any CPU
		{BB0D1399-6934-4DBC-9B1C-83C81F98E7E1}.Debug|Any CPU.Build.0 = Debug|Any CPU
		{BB0D1399-6934-4DBC-9B1C-83C81F98E7E1}.Release|Any CPU.ActiveCfg = Release|Any CPU
		{BB0D1399-6934-4DBC-9B1C-83C81F98E7E1}.Release|Any CPU.Build.0 = Release|Any CPU
		{9A751AD8-C477-4771-B0D7-847F02EB87CB}.Debug|Any CPU.ActiveCfg = Debug|Any CPU
		{9A751AD8-C477-4771-B0D7-847F02EB87CB}.Debug|Any CPU.Build.0 = Debug|Any CPU
		{9A751AD8-C477-4771-B0D7-847F02EB87CB}.Release|Any CPU.ActiveCfg = Release|Any CPU
		{9A751AD8-C477-4771-B0D7-847F02EB87CB}.Release|Any CPU.Build.0 = Release|Any CPU
		{B7956B9C-1547-44AD-9359-D3A78E6F0450}.Debug|Any CPU.ActiveCfg = Debug|Any CPU
		{B7956B9C-1547-44AD-9359-D3A78E6F0450}.Debug|Any CPU.Build.0 = Debug|Any CPU
		{B7956B9C-1547-44AD-9359-D3A78E6F0450}.Release|Any CPU.ActiveCfg = Release|Any CPU
		{B7956B9C-1547-44AD-9359-D3A78E6F0450}.Release|Any CPU.Build.0 = Release|Any CPU
		{9F7644C3-ECAB-432B-930F-AB80BDDFB697}.Debug|Any CPU.ActiveCfg = Debug|Any CPU
		{9F7644C3-ECAB-432B-930F-AB80BDDFB697}.Debug|Any CPU.Build.0 = Debug|Any CPU
		{9F7644C3-ECAB-432B-930F-AB80BDDFB697}.Release|Any CPU.ActiveCfg = Release|Any CPU
		{9F7644C3-ECAB-432B-930F-AB80BDDFB697}.Release|Any CPU.Build.0 = Release|Any CPU
		{A4425BA3-BE95-4EA0-B686-E743F9B7A187}.Debug|Any CPU.ActiveCfg = Debug|Any CPU
		{A4425BA3-BE95-4EA0-B686-E743F9B7A187}.Debug|Any CPU.Build.0 = Debug|Any CPU
		{A4425BA3-BE95-4EA0-B686-E743F9B7A187}.Release|Any CPU.ActiveCfg = Release|Any CPU
		{A4425BA3-BE95-4EA0-B686-E743F9B7A187}.Release|Any CPU.Build.0 = Release|Any CPU
		{72746843-A77B-44A2-8B8A-C3E07F5F0D22}.Debug|Any CPU.ActiveCfg = Debug|Any CPU
		{72746843-A77B-44A2-8B8A-C3E07F5F0D22}.Debug|Any CPU.Build.0 = Debug|Any CPU
		{72746843-A77B-44A2-8B8A-C3E07F5F0D22}.Release|Any CPU.ActiveCfg = Release|Any CPU
		{72746843-A77B-44A2-8B8A-C3E07F5F0D22}.Release|Any CPU.Build.0 = Release|Any CPU
		{A4D7D077-18E5-408A-9D38-231205E682A1}.Debug|Any CPU.ActiveCfg = Debug|Any CPU
		{A4D7D077-18E5-408A-9D38-231205E682A1}.Debug|Any CPU.Build.0 = Debug|Any CPU
		{A4D7D077-18E5-408A-9D38-231205E682A1}.Release|Any CPU.ActiveCfg = Release|Any CPU
		{A4D7D077-18E5-408A-9D38-231205E682A1}.Release|Any CPU.Build.0 = Release|Any CPU
		{DBB87C46-E4CA-4FA9-9986-4E65849A282B}.Debug|Any CPU.ActiveCfg = Debug|Any CPU
		{DBB87C46-E4CA-4FA9-9986-4E65849A282B}.Debug|Any CPU.Build.0 = Debug|Any CPU
		{DBB87C46-E4CA-4FA9-9986-4E65849A282B}.Release|Any CPU.ActiveCfg = Release|Any CPU
		{DBB87C46-E4CA-4FA9-9986-4E65849A282B}.Release|Any CPU.Build.0 = Release|Any CPU
		{7C992956-ABBA-4287-BAE0-B87D17EE4CF3}.Debug|Any CPU.ActiveCfg = Debug|Any CPU
		{7C992956-ABBA-4287-BAE0-B87D17EE4CF3}.Debug|Any CPU.Build.0 = Debug|Any CPU
		{7C992956-ABBA-4287-BAE0-B87D17EE4CF3}.Release|Any CPU.ActiveCfg = Release|Any CPU
		{7C992956-ABBA-4287-BAE0-B87D17EE4CF3}.Release|Any CPU.Build.0 = Release|Any CPU
		{2B468BD6-C9D3-4FD7-9412-B1F428FDC01C}.Debug|Any CPU.ActiveCfg = Debug|Any CPU
		{2B468BD6-C9D3-4FD7-9412-B1F428FDC01C}.Debug|Any CPU.Build.0 = Debug|Any CPU
		{2B468BD6-C9D3-4FD7-9412-B1F428FDC01C}.Release|Any CPU.ActiveCfg = Release|Any CPU
		{2B468BD6-C9D3-4FD7-9412-B1F428FDC01C}.Release|Any CPU.Build.0 = Release|Any CPU
		{9EF53848-880D-4A19-B6F7-D561871A4B15}.Debug|Any CPU.ActiveCfg = Debug|Any CPU
		{9EF53848-880D-4A19-B6F7-D561871A4B15}.Debug|Any CPU.Build.0 = Debug|Any CPU
		{9EF53848-880D-4A19-B6F7-D561871A4B15}.Release|Any CPU.ActiveCfg = Release|Any CPU
		{9EF53848-880D-4A19-B6F7-D561871A4B15}.Release|Any CPU.Build.0 = Release|Any CPU
		{5D556AC7-A781-4A38-86EA-ED75B5B9D2E5}.Debug|Any CPU.ActiveCfg = Debug|Any CPU
		{5D556AC7-A781-4A38-86EA-ED75B5B9D2E5}.Debug|Any CPU.Build.0 = Debug|Any CPU
		{5D556AC7-A781-4A38-86EA-ED75B5B9D2E5}.Release|Any CPU.ActiveCfg = Release|Any CPU
		{5D556AC7-A781-4A38-86EA-ED75B5B9D2E5}.Release|Any CPU.Build.0 = Release|Any CPU
		{2CF82924-670A-4746-8C85-1CD2153110FB}.Debug|Any CPU.ActiveCfg = Debug|Any CPU
		{2CF82924-670A-4746-8C85-1CD2153110FB}.Debug|Any CPU.Build.0 = Debug|Any CPU
		{2CF82924-670A-4746-8C85-1CD2153110FB}.Release|Any CPU.ActiveCfg = Release|Any CPU
		{2CF82924-670A-4746-8C85-1CD2153110FB}.Release|Any CPU.Build.0 = Release|Any CPU
	EndGlobalSection
	GlobalSection(SolutionProperties) = preSolution
		HideSolutionNode = FALSE
	EndGlobalSection
	GlobalSection(NestedProjects) = preSolution
		{8E6E98ED-69DC-494A-B82F-B359E8E9AA52} = {9EEFD611-3B01-436B-AB97-89AC7CA63B9A}
		{EA715EA2-84AC-4FDB-AF3F-833007370503} = {8E6E98ED-69DC-494A-B82F-B359E8E9AA52}
		{DDD48355-8C9C-4886-B064-3D5570EE2C87} = {8E6E98ED-69DC-494A-B82F-B359E8E9AA52}
		{691AEFC2-C588-4904-B68B-4EC484737195} = {8E6E98ED-69DC-494A-B82F-B359E8E9AA52}
		{BB0D1399-6934-4DBC-9B1C-83C81F98E7E1} = {26F81B54-7178-411E-B6AC-0619733B0A9E}
		{9A751AD8-C477-4771-B0D7-847F02EB87CB} = {8E6E98ED-69DC-494A-B82F-B359E8E9AA52}
		{0B6F8797-332A-4243-B9A1-C50DD974F82F} = {9EEFD611-3B01-436B-AB97-89AC7CA63B9A}
		{B7956B9C-1547-44AD-9359-D3A78E6F0450} = {0B6F8797-332A-4243-B9A1-C50DD974F82F}
		{9F7644C3-ECAB-432B-930F-AB80BDDFB697} = {0B6F8797-332A-4243-B9A1-C50DD974F82F}
		{A4425BA3-BE95-4EA0-B686-E743F9B7A187} = {0B6F8797-332A-4243-B9A1-C50DD974F82F}
		{72746843-A77B-44A2-8B8A-C3E07F5F0D22} = {26F81B54-7178-411E-B6AC-0619733B0A9E}
		{A4D7D077-18E5-408A-9D38-231205E682A1} = {0B6F8797-332A-4243-B9A1-C50DD974F82F}
		{0C669182-3E77-4893-A40F-F85B22F9F0AF} = {9EEFD611-3B01-436B-AB97-89AC7CA63B9A}
		{DBB87C46-E4CA-4FA9-9986-4E65849A282B} = {0C669182-3E77-4893-A40F-F85B22F9F0AF}
		{7C992956-ABBA-4287-BAE0-B87D17EE4CF3} = {26F81B54-7178-411E-B6AC-0619733B0A9E}
		{C323FBCC-D647-4D3D-F3F9-6F8FD0917B42} = {9EEFD611-3B01-436B-AB97-89AC7CA63B9A}
		{2B468BD6-C9D3-4FD7-9412-B1F428FDC01C} = {C323FBCC-D647-4D3D-F3F9-6F8FD0917B42}
		{9EF53848-880D-4A19-B6F7-D561871A4B15} = {C323FBCC-D647-4D3D-F3F9-6F8FD0917B42}
		{5D556AC7-A781-4A38-86EA-ED75B5B9D2E5} = {C323FBCC-D647-4D3D-F3F9-6F8FD0917B42}
		{2CF82924-670A-4746-8C85-1CD2153110FB} = {C323FBCC-D647-4D3D-F3F9-6F8FD0917B42}
	EndGlobalSection
EndGlobal
