
Microsoft Visual Studio Solution File, Format Version 12.00
# Visual Studio Version 17
VisualStudioVersion = 17.12.35527.113 d17.12
MinimumVisualStudioVersion = 10.0.40219.1
Project("{FAE04EC0-301F-11D3-BF4B-00C04F79EFBC}") = "Nexus.NotaFiscal.Api", "modules\Nexus.NotaFiscal.Api\Nexus.NotaFiscal.Api.csproj", "{27299DF8-8A2C-48ED-B967-38CB88C17B17}"
EndProject
Project("{2150E333-8FDC-42A3-9474-1A3956D46DE8}") = "modules", "modules", "{9EEFD611-3B01-436B-AB97-89AC7CA63B9A}"
EndProject
Project("{2150E333-8FDC-42A3-9474-1A3956D46DE8}") = "NotaFiscal", "NotaFiscal", "{D693626B-87A7-46FB-AE0C-A376125649E2}"
EndProject
Project("{2150E333-8FDC-42A3-9474-1A3956D46DE8}") = "Folha", "Folha", "{8E6E98ED-69DC-494A-B82F-B359E8E9AA52}"
EndProject
Project("{FAE04EC0-301F-11D3-BF4B-00C04F79EFBC}") = "Nexus.Folha.Domain", "modules\Nexus.Folha\src\Nexus.Folha.Domain\Nexus.Folha.Domain.csproj", "{EA715EA2-84AC-4FDB-AF3F-833007370503}"
EndProject
Project("{FAE04EC0-301F-11D3-BF4B-00C04F79EFBC}") = "Nexus.Folha.Api", "modules\Nexus.Folha\src\Nexus.Folha.Api\Nexus.Folha.Api.csproj", "{DDD48355-8C9C-4886-B064-3D5570EE2C87}"
EndProject
Global
	GlobalSection(SolutionConfigurationPlatforms) = preSolution
		Debug|Any CPU = Debug|Any CPU
		Release|Any CPU = Release|Any CPU
	EndGlobalSection
	GlobalSection(ProjectConfigurationPlatforms) = postSolution
		{27299DF8-8A2C-48ED-B967-38CB88C17B17}.Debug|Any CPU.ActiveCfg = Debug|Any CPU
		{27299DF8-8A2C-48ED-B967-38CB88C17B17}.Debug|Any CPU.Build.0 = Debug|Any CPU
		{27299DF8-8A2C-48ED-B967-38CB88C17B17}.Release|Any CPU.ActiveCfg = Release|Any CPU
		{27299DF8-8A2C-48ED-B967-38CB88C17B17}.Release|Any CPU.Build.0 = Release|Any CPU
		{EA715EA2-84AC-4FDB-AF3F-833007370503}.Debug|Any CPU.ActiveCfg = Debug|Any CPU
		{EA715EA2-84AC-4FDB-AF3F-833007370503}.Debug|Any CPU.Build.0 = Debug|Any CPU
		{EA715EA2-84AC-4FDB-AF3F-833007370503}.Release|Any CPU.ActiveCfg = Release|Any CPU
		{EA715EA2-84AC-4FDB-AF3F-833007370503}.Release|Any CPU.Build.0 = Release|Any CPU
		{DDD48355-8C9C-4886-B064-3D5570EE2C87}.Debug|Any CPU.ActiveCfg = Debug|Any CPU
		{DDD48355-8C9C-4886-B064-3D5570EE2C87}.Debug|Any CPU.Build.0 = Debug|Any CPU
		{DDD48355-8C9C-4886-B064-3D5570EE2C87}.Release|Any CPU.ActiveCfg = Release|Any CPU
		{DDD48355-8C9C-4886-B064-3D5570EE2C87}.Release|Any CPU.Build.0 = Release|Any CPU
	EndGlobalSection
	GlobalSection(SolutionProperties) = preSolution
		HideSolutionNode = FALSE
	EndGlobalSection
	GlobalSection(NestedProjects) = preSolution
		{27299DF8-8A2C-48ED-B967-38CB88C17B17} = {D693626B-87A7-46FB-AE0C-A376125649E2}
		{D693626B-87A7-46FB-AE0C-A376125649E2} = {9EEFD611-3B01-436B-AB97-89AC7CA63B9A}
		{8E6E98ED-69DC-494A-B82F-B359E8E9AA52} = {9EEFD611-3B01-436B-AB97-89AC7CA63B9A}
		{EA715EA2-84AC-4FDB-AF3F-833007370503} = {8E6E98ED-69DC-494A-B82F-B359E8E9AA52}
		{DDD48355-8C9C-4886-B064-3D5570EE2C87} = {8E6E98ED-69DC-494A-B82F-B359E8E9AA52}
	EndGlobalSection
EndGlobal
